
Microsoft Visual Studio Solution File, Format Version 12.00
# Visual Studio Version 17
VisualStudioVersion = 17.14.37628.2 d17.14
MinimumVisualStudioVersion = 10.0.40219.1
Project("{FAE04EC0-301F-11D3-BF4B-00C04F79EFBC}") = "ders_alıştırma", "ders_alıştırma\ders_alıştırma.csproj", "{B8EE54CF-E9E3-4DFF-9247-C457BF476793}"
EndProject
Global
	GlobalSection(SolutionConfigurationPlatforms) = preSolution
		Debug|Any CPU = Debug|Any CPU
		Release|Any CPU = Release|Any CPU
	EndGlobalSection
	GlobalSection(ProjectConfigurationPlatforms) = postSolution
		{B8EE54CF-E9E3-4DFF-9247-C457BF476793}.Debug|Any CPU.ActiveCfg = Debug|Any CPU
		{B8EE54CF-E9E3-4DFF-9247-C457BF476793}.Debug|Any CPU.Build.0 = Debug|Any CPU
		{B8EE54CF-E9E3-4DFF-9247-C457BF476793}.Release|Any CPU.ActiveCfg = Release|Any CPU
		{B8EE54CF-E9E3-4DFF-9247-C457BF476793}.Release|Any CPU.Build.0 = Release|Any CPU
	EndGlobalSection
	GlobalSection(SolutionProperties) = preSolution
		HideSolutionNode = FALSE
	EndGlobalSection
	GlobalSection(ExtensibilityGlobals) = postSolution
		SolutionGuid = {02C6DC8E-CD31-415D-82B2-A3D614FF54BD}
	EndGlobalSection
EndGlobal
